// !$*UTF8*$!
{
	archiveVersion = 1;
	classes = {
	};
	objectVersion = 46;
	objects = {

/* Begin PBXBuildFile section */
		5BA585671C886A0300D581B3 /* AppDelegate.swift in Sources */ = {isa = PBXBuildFile; fileRef = 5BA585661C886A0300D581B3 /* AppDelegate.swift */; };
		5BA585691C886A0300D581B3 /* ViewController.swift in Sources */ = {isa = PBXBuildFile; fileRef = 5BA585681C886A0300D581B3 /* ViewController.swift */; };
		5BA5856C1C886A0300D581B3 /* Main.storyboard in Resources */ = {isa = PBXBuildFile; fileRef = 5BA5856A1C886A0300D581B3 /* Main.storyboard */; };
		5BA5856E1C886A0300D581B3 /* Assets.xcassets in Resources */ = {isa = PBXBuildFile; fileRef = 5BA5856D1C886A0300D581B3 /* Assets.xcassets */; };
		5BA585711C886A0300D581B3 /* LaunchScreen.storyboard in Resources */ = {isa = PBXBuildFile; fileRef = 5BA5856F1C886A0300D581B3 /* LaunchScreen.storyboard */; };
/* End PBXBuildFile section */

/* Begin PBXFileReference section */
		5BA585631C886A0300D581B3 /* MyGitFun.app */ = {isa = PBXFileReference; explicitFileType = wrapper.application; includeInIndex = 0; path = MyGitFun.app; sourceTree = BUILT_PRODUCTS_DIR; };
		5BA585661C886A0300D581B3 /* AppDelegate.swift */ = {isa = PBXFileReference; lastKnownFileType = sourcecode.swift; path = AppDelegate.swift; sourceTree = "<group>"; };
		5BA585681C886A0300D581B3 /* ViewController.swift */ = {isa = PBXFileReference; lastKnownFileType = sourcecode.swift; path = ViewController.swift; sourceTree = "<group>"; };
		5BA5856B1C886A0300D581B3 /* Base */ = {isa = PBXFileReference; lastKnownFileType = file.storyboard; name = Base; path = Base.lproj/Main.storyboard; sourceTree = "<group>"; };
		5BA5856D1C886A0300D581B3 /* Assets.xcassets */ = {isa = PBXFileReference; lastKnownFileType = folder.assetcatalog; path = Assets.xcassets; sourceTree = "<group>"; };
		5BA585701C886A0300D581B3 /* Base */ = {isa = PBXFileReference; lastKnownFileType = file.storyboard; name = Base; path = Base.lproj/LaunchScreen.storyboard; sourceTree = "<group>"; };
		5BA585721C886A0300D581B3 /* Info.plist */ = {isa = PBXFileReference; lastKnownFileType = text.plist.xml; path = Info.plist; sourceTree = "<group>"; };
/* End PBXFileReference section */

/* Begin PBXFrameworksBuildPhase section */
		5BA585601C886A0300D581B3 /* Frameworks */ = {
			isa = PBXFrameworksBuildPhase;
			buildActionMask = 2147483647;
			files = (
			);
			runOnlyForDeploymentPostprocessing = 0;
		};
/* End PBXFrameworksBuildPhase section */

/* Begin PBXGroup section */
		5BA5855A1C886A0300D581B3 = {
			isa = PBXGroup;
			children = (
				5BA585651C886A0300D581B3 /* MyGitFun */,
				5BA585641C886A0300D581B3 /* Products */,
			);
			sourceTree = "<group>";
		};
		5BA585641C886A0300D581B3 /* Products */ = {
			isa = PBXGroup;
			children = (
				5BA585631C886A0300D581B3 /* MyGitFun.app */,
			);
			name = Products;
			sourceTree = "<group>";
		};
		5BA585651C886A0300D581B3 /* MyGitFun */ = {
			isa = PBXGroup;
			children = (
				5BA585661C886A0300D581B3 /* AppDelegate.swift */,
				5BA585681C886A0300D581B3 /* ViewController.swift */,
				5BA5856A1C886A0300D581B3 /* Main.storyboard */,
				5BA5856D1C886A0300D581B3 /* Assets.xcassets */,
				5BA5856F1C886A0300D581B3 /* LaunchScreen.storyboard */,
				5BA585721C886A0300D581B3 /* Info.plist */,
			);
			path = MyGitFun;
			sourceTree = "<group>";
		};
/* End PBXGroup section */

/* Begin PBXNativeTarget section */
		5BA585621C886A0300D581B3 /* MyGitFun */ = {
			isa = PBXNativeTarget;
			buildConfigurationList = 5BA585751C886A0300D581B3 /* Build configuration list for PBXNativeTarget "MyGitFun" */;
			buildPhases = (
				5BA5855F1C886A0300D581B3 /* Sources */,
				5BA585601C886A0300D581B3 /* Frameworks */,
				5BA585611C886A0300D581B3 /* Resources */,
			);
			buildRules = (
			);
			dependencies = (
			);
			name = MyGitFun;
			productName = MyGitFun;
			productReference = 5BA585631C886A0300D581B3 /* MyGitFun.app */;
			productType = "com.apple.product-type.application";
		};
/* End PBXNativeTarget section */

/* Begin PBXProject section */
		5BA5855B1C886A0300D581B3 /* Project object */ = {
			isa = PBXProject;
			attributes = {
				LastSwiftUpdateCheck = 0720;
				LastUpgradeCheck = 0720;
				ORGANIZATIONNAME = "Daniel Esposito";
				TargetAttributes = {
					5BA585621C886A0300D581B3 = {
						CreatedOnToolsVersion = 7.2.1;
					};
				};
			};
			buildConfigurationList = 5BA5855E1C886A0300D581B3 /* Build configuration list for PBXProject "MyGitFun" */;
			compatibilityVersion = "Xcode 3.2";
			developmentRegion = English;
			hasScannedForEncodings = 0;
			knownRegions = (
				en,
				Base,
			);
			mainGroup = 5BA5855A1C886A0300D581B3;
			productRefGroup = 5BA585641C886A0300D581B3 /* Products */;
			projectDirPath = "";
			projectRoot = "";
			targets = (
				5BA585621C886A0300D581B3 /* MyGitFun */,
			);
		};
/* End PBXProject section */

/* Begin PBXResourcesBuildPhase section */
		5BA585611C886A0300D581B3 /* Resources */ = {
			isa = PBXResourcesBuildPhase;
			buildActionMask = 2147483647;
			files = (
				5BA585711C886A0300D581B3 /* LaunchScreen.storyboard in Resources */,
				5BA5856E1C886A0300D581B3 /* Assets.xcassets in Resources */,
				5BA5856C1C886A0300D581B3 /* Main.storyboard in Resources */,
			);
			runOnlyForDeploymentPostprocessing = 0;
		};
/* End PBXResourcesBuildPhase section */

/* Begin PBXSourcesBuildPhase section */
		5BA5855F1C886A0300D581B3 /* Sources */ = {
			isa = PBXSourcesBuildPhase;
			buildActionMask = 2147483647;
			files = (
				5BA585691C886A0300D581B3 /* ViewController.swift in Sources */,
				5BA585671C886A0300D581B3 /* AppDelegate.swift in Sources */,
			);
			runOnlyForDeploymentPostprocessing = 0;
		};
/* End PBXSourcesBuildPhase section */

/* Begin PBXVariantGroup section */
		5BA5856A1C886A0300D581B3 /* Main.storyboard */ = {
			isa = PBXVariantGroup;
			children = (
				5BA5856B1C886A0300D581B3 /* Base */,
			);
			name = Main.storyboard;
			sourceTree = "<group>";
		};
		5BA5856F1C886A0300D581B3 /* LaunchScreen.storyboard */ = {
			isa = PBXVariantGroup;
			children = (
				5BA585701C886A0300D581B3 /* Base */,
			);
			name = LaunchScreen.storyboard;
			sourceTree = "<group>";
		};
/* End PBXVariantGroup section */

/* Begin XCBuildConfiguration section */
		5BA585731C886A0300D581B3 /* Debug */ = {
			isa = XCBuildConfiguration;
			buildSettings = {
				ALWAYS_SEARCH_USER_PATHS = NO;
				CLANG_CXX_LANGUAGE_STANDARD = "gnu++0x";
				CLANG_CXX_LIBRARY = "libc++";
				CLANG_ENABLE_MODULES = YES;
				CLANG_ENABLE_OBJC_ARC = YES;
				CLANG_WARN_BOOL_CONVERSION = YES;
				CLANG_WARN_CONSTANT_CONVERSION = YES;
				CLANG_WARN_DIRECT_OBJC_ISA_USAGE = YES_ERROR;
				CLANG_WARN_EMPTY_BODY = YES;
				CLANG_WARN_ENUM_CONVERSION = YES;
				CLANG_WARN_INT_CONVERSION = YES;
				CLANG_WARN_OBJC_ROOT_CLASS = YES_ERROR;
				CLANG_WARN_UNREACHABLE_CODE = YES;
				CLANG_WARN__DUPLICATE_METHOD_MATCH = YES;
				"CODE_SIGN_IDENTITY[sdk=iphoneos*]" = "iPhone Developer";
				COPY_PHASE_STRIP = NO;
				DEBUG_INFORMATION_FORMAT = dwarf;
				ENABLE_STRICT_OBJC_MSGSEND = YES;
				ENABLE_TESTABILITY = YES;
				GCC_C_LANGUAGE_STANDARD = gnu99;
				GCC_DYNAMIC_NO_PIC = NO;
				GCC_NO_COMMON_BLOCKS = YES;
				GCC_OPTIMIZATION_LEVEL = 0;
				GCC_PREPROCESSOR_DEFINITIONS = (
					"DEBUG=1",
					"$(inherited)",
				);
				GCC_WARN_64_TO_32_BIT_CONVERSION = YES;
				GCC_WARN_ABOUT_RETURN_TYPE = YES_ERROR;
				GCC_WARN_UNDECLARED_SELECTOR = YES;
				GCC_WARN_UNINITIALIZED_AUTOS = YES_AGGRESSIVE;
				GCC_WARN_UNUSED_FUNCTION = YES;
				GCC_WARN_UNUSED_VARIABLE = YES;
				IPHONEOS_DEPLOYMENT_TARGET = 9.2;
				MTL_ENABLE_DEBUG_INFO = YES;
				ONLY_ACTIVE_ARCH = YES;
				SDKROOT = iphoneos;
				SWIFT_OPTIMIZATION_LEVEL = "-Onone";
			};
			name = Debug;
		};
		5BA585741C886A0300D581B3 /* Release */ = {
			isa = XCBuildConfiguration;
			buildSettings = {
				ALWAYS_SEARCH_USER_PATHS = NO;
				CLANG_CXX_LANGUAGE_STANDARD = "gnu++0x";
				CLANG_CXX_LIBRARY = "libc++";
				CLANG_ENABLE_MODULES = YES;
				CLANG_ENABLE_OBJC_ARC = YES;
				CLANG_WARN_BOOL_CONVERSION = YES;
				CLANG_WARN_CONSTANT_CONVERSION = YES;
				CLANG_WARN_DIRECT_OBJC_ISA_USAGE = YES_ERROR;
				CLANG_WARN_EMPTY_BODY = YES;
				CLANG_WARN_ENUM_CONVERSION = YES;
				CLANG_WARN_INT_CONVERSION = YES;
				CLANG_WARN_OBJC_ROOT_CLASS = YES_ERROR;
				CLANG_WARN_UNREACHABLE_CODE = YES;
				CLANG_WARN__DUPLICATE_METHOD_MATCH = YES;
				"CODE_SIGN_IDENTITY[sdk=iphoneos*]" = "iPhone Developer";
				COPY_PHASE_STRIP = NO;
				DEBUG_INFORMATION_FORMAT = "dwarf-with-dsym";
				ENABLE_NS_ASSERTIONS = NO;
				ENABLE_STRICT_OBJC_MSGSEND = YES;
				GCC_C_LANGUAGE_STANDARD = gnu99;
				GCC_NO_COMMON_BLOCKS = YES;
				GCC_WARN_64_TO_32_BIT_CONVERSION = YES;
				GCC_WARN_ABOUT_RETURN_TYPE = YES_ERROR;
				GCC_WARN_UNDECLARED_SELECTOR = YES;
				GCC_WARN_UNINITIALIZED_AUTOS = YES_AGGRESSIVE;
				GCC_WARN_UNUSED_FUNCTION = YES;
				GCC_WARN_UNUSED_VARIABLE = YES;
				IPHONEOS_DEPLOYMENT_TARGET = 9.2;
				MTL_ENABLE_DEBUG_INFO = NO;
				SDKROOT = iphoneos;
				VALIDATE_PRODUCT = YES;
			};
			name = Release;
		};
		5BA585761C886A0300D581B3 /* Debug */ = {
			isa = XCBuildConfiguration;
			buildSettings = {
				ASSETCATALOG_COMPILER_APPICON_NAME = AppIcon;
				INFOPLIST_FILE = MyGitFun/Info.plist;
				LD_RUNPATH_SEARCH_PATHS = "$(inherited) @executable_path/Frameworks";
				PRODUCT_BUNDLE_IDENTIFIER = com.gfbkk.MyGitFun;
				PRODUCT_NAME = "$(TARGET_NAME)";
			};
			name = Debug;
		};
		5BA585771C886A0300D581B3 /* Release */ = {
			isa = XCBuildConfiguration;
			buildSettings = {
				ASSETCATALOG_COMPILER_APPICON_NAME = AppIcon;
				INFOPLIST_FILE = MyGitFun/Info.plist;
				LD_RUNPATH_SEARCH_PATHS = "$(inherited) @executable_path/Frameworks";
				PRODUCT_BUNDLE_IDENTIFIER = com.gfbkk.MyGitFun;
				PRODUCT_NAME = "$(TARGET_NAME)";
			};
			name = Release;
		};
/* End XCBuildConfiguration section */

/* Begin XCConfigurationList section */
		5BA5855E1C886A0300D581B3 /* Build configuration list for PBXProject "MyGitFun" */ = {
			isa = XCConfigurationList;
			buildConfigurations = (
				5BA585731C886A0300D581B3 /* Debug */,
				5BA585741C886A0300D581B3 /* Release */,
			);
			defaultConfigurationIsVisible = 0;
			defaultConfigurationName = Release;
		};
		5BA585751C886A0300D581B3 /* Build configuration list for PBXNativeTarget "MyGitFun" */ = {
			isa = XCConfigurationList;
			buildConfigurations = (
				5BA585761C886A0300D581B3 /* Debug */,
				5BA585771C886A0300D581B3 /* Release */,
			);
			defaultConfigurationIsVisible = 0;
		};
/* End XCConfigurationList section */
	};
	rootObject = 5BA5855B1C886A0300D581B3 /* Project object */;
}
